
Microsoft Visual Studio Solution File, Format Version 12.00
# Visual Studio Version 16
VisualStudioVersion = 16.0.29911.84
MinimumVisualStudioVersion = 10.0.40219.1
Project("{9A19103F-16F7-4668-BE54-9A1E7A4F7556}") = "lab3", "lab2\lab3.csproj", "{AF620339-7923-4B93-9BA8-AC28E677C156}"
EndProject
Global
	GlobalSection(SolutionConfigurationPlatforms) = preSolution
		Debug|Any CPU = Debug|Any CPU
		Release|Any CPU = Release|Any CPU
	EndGlobalSection
	GlobalSection(ProjectConfigurationPlatforms) = postSolution
		{AF620339-7923-4B93-9BA8-AC28E677C156}.Debug|Any CPU.ActiveCfg = Debug|Any CPU
		{AF620339-7923-4B93-9BA8-AC28E677C156}.Debug|Any CPU.Build.0 = Debug|Any CPU
		{AF620339-7923-4B93-9BA8-AC28E677C156}.Release|Any CPU.ActiveCfg = Release|Any CPU
		{AF620339-7923-4B93-9BA8-AC28E677C156}.Release|Any CPU.Build.0 = Release|Any CPU
	EndGlobalSection
	GlobalSection(SolutionProperties) = preSolution
		HideSolutionNode = FALSE
	EndGlobalSection
	GlobalSection(ExtensibilityGlobals) = postSolution
		SolutionGuid = {393EEFF9-26E0-4289-B2C2-4CE37728D828}
	EndGlobalSection
EndGlobal
